
Microsoft Visual Studio Solution File, Format Version 12.00
# Visual Studio Version 16
VisualStudioVersion = 16.0.31019.35
MinimumVisualStudioVersion = 10.0.40219.1
Project("{9A19103F-16F7-4668-BE54-9A1E7A4F7556}") = "PNetDll", "PNetDll\PNetDll.csproj", "{021F6CC1-6EF1-4147-A0F9-875AB85CFD7B}"
EndProject
Project("{9A19103F-16F7-4668-BE54-9A1E7A4F7556}") = "PNetService", "PNetService\PNetService.csproj", "{F9A4E49B-F616-45F6-9F07-100769C29421}"
EndProject
Project("{FAE04EC0-301F-11D3-BF4B-00C04F79EFBC}") = "P-NetClient", "P-NetClient\P-NetClient.csproj", "{B63B176F-8777-41BC-84F1-88E9A1576849}"
EndProject
Global
	GlobalSection(SolutionConfigurationPlatforms) = preSolution
		Debug|Any CPU = Debug|Any CPU
		Release|Any CPU = Release|Any CPU
	EndGlobalSection
	GlobalSection(ProjectConfigurationPlatforms) = postSolution
		{021F6CC1-6EF1-4147-A0F9-875AB85CFD7B}.Debug|Any CPU.ActiveCfg = Debug|Any CPU
		{021F6CC1-6EF1-4147-A0F9-875AB85CFD7B}.Debug|Any CPU.Build.0 = Debug|Any CPU
		{021F6CC1-6EF1-4147-A0F9-875AB85CFD7B}.Release|Any CPU.ActiveCfg = Release|Any CPU
		{021F6CC1-6EF1-4147-A0F9-875AB85CFD7B}.Release|Any CPU.Build.0 = Release|Any CPU
		{F9A4E49B-F616-45F6-9F07-100769C29421}.Debug|Any CPU.ActiveCfg = Debug|Any CPU
		{F9A4E49B-F616-45F6-9F07-100769C29421}.Debug|Any CPU.Build.0 = Debug|Any CPU
		{F9A4E49B-F616-45F6-9F07-100769C29421}.Release|Any CPU.ActiveCfg = Release|Any CPU
		{F9A4E49B-F616-45F6-9F07-100769C29421}.Release|Any CPU.Build.0 = Release|Any CPU
		{5C48B414-C21E-47A9-8197-61DA78001AFF}.Debug|Any CPU.ActiveCfg = Debug|Any CPU
		{5C48B414-C21E-47A9-8197-61DA78001AFF}.Debug|Any CPU.Build.0 = Debug|Any CPU
		{5C48B414-C21E-47A9-8197-61DA78001AFF}.Release|Any CPU.ActiveCfg = Release|Any CPU
		{5C48B414-C21E-47A9-8197-61DA78001AFF}.Release|Any CPU.Build.0 = Release|Any CPU
		{B63B176F-8777-41BC-84F1-88E9A1576849}.Debug|Any CPU.ActiveCfg = Debug|Any CPU
		{B63B176F-8777-41BC-84F1-88E9A1576849}.Debug|Any CPU.Build.0 = Debug|Any CPU
		{B63B176F-8777-41BC-84F1-88E9A1576849}.Release|Any CPU.ActiveCfg = Release|Any CPU
		{B63B176F-8777-41BC-84F1-88E9A1576849}.Release|Any CPU.Build.0 = Release|Any CPU
	EndGlobalSection
	GlobalSection(SolutionProperties) = preSolution
		HideSolutionNode = FALSE
	EndGlobalSection
	GlobalSection(ExtensibilityGlobals) = postSolution
		SolutionGuid = {B4EBFDA2-98D4-4B1A-9499-8DE353534C24}
	EndGlobalSection
EndGlobal
