
Microsoft Visual Studio Solution File, Format Version 12.00
# Visual Studio Version 16
VisualStudioVersion = 16.0.31019.35
MinimumVisualStudioVersion = 10.0.40219.1
Project("{9A19103F-16F7-4668-BE54-9A1E7A4F7556}") = "PNetDll", "PNetDll\PNetDll.csproj", "{021F6CC1-6EF1-4147-A0F9-875AB85CFD7B}"
EndProject
Project("{9A19103F-16F7-4668-BE54-9A1E7A4F7556}") = "PNetService", "PNetService\PNetService.csproj", "{F9A4E49B-F616-45F6-9F07-100769C29421}"
EndProject
Project("{9A19103F-16F7-4668-BE54-9A1E7A4F7556}") = "P-NetClient", "P-NetClient\P-NetClient.csproj", "{B63B176F-8777-41BC-84F1-88E9A1576849}"
EndProject
Project("{54435603-DBB4-11D2-8724-00A0C9A8B90C}") = "PNetInstaller", "PNetInstaller\PNetInstaller.vdproj", "{CD069BCD-3EC0-49D3-BF34-376FBCAF318C}"
EndProject
Global
	GlobalSection(SolutionConfigurationPlatforms) = preSolution
		Debug|Any CPU = Debug|Any CPU
		Debug|ARM = Debug|ARM
		Debug|ARM64 = Debug|ARM64
		Debug|x64 = Debug|x64
		Debug|x86 = Debug|x86
		Release|Any CPU = Release|Any CPU
		Release|ARM = Release|ARM
		Release|ARM64 = Release|ARM64
		Release|x64 = Release|x64
		Release|x86 = Release|x86
	EndGlobalSection
	GlobalSection(ProjectConfigurationPlatforms) = postSolution
		{021F6CC1-6EF1-4147-A0F9-875AB85CFD7B}.Debug|Any CPU.ActiveCfg = Debug|Any CPU
		{021F6CC1-6EF1-4147-A0F9-875AB85CFD7B}.Debug|Any CPU.Build.0 = Debug|Any CPU
		{021F6CC1-6EF1-4147-A0F9-875AB85CFD7B}.Debug|ARM.ActiveCfg = Debug|Any CPU
		{021F6CC1-6EF1-4147-A0F9-875AB85CFD7B}.Debug|ARM.Build.0 = Debug|Any CPU
		{021F6CC1-6EF1-4147-A0F9-875AB85CFD7B}.Debug|ARM64.ActiveCfg = Debug|Any CPU
		{021F6CC1-6EF1-4147-A0F9-875AB85CFD7B}.Debug|ARM64.Build.0 = Debug|Any CPU
		{021F6CC1-6EF1-4147-A0F9-875AB85CFD7B}.Debug|x64.ActiveCfg = Debug|Any CPU
		{021F6CC1-6EF1-4147-A0F9-875AB85CFD7B}.Debug|x64.Build.0 = Debug|Any CPU
		{021F6CC1-6EF1-4147-A0F9-875AB85CFD7B}.Debug|x86.ActiveCfg = Debug|Any CPU
		{021F6CC1-6EF1-4147-A0F9-875AB85CFD7B}.Debug|x86.Build.0 = Debug|Any CPU
		{021F6CC1-6EF1-4147-A0F9-875AB85CFD7B}.Release|Any CPU.ActiveCfg = Release|Any CPU
		{021F6CC1-6EF1-4147-A0F9-875AB85CFD7B}.Release|Any CPU.Build.0 = Release|Any CPU
		{021F6CC1-6EF1-4147-A0F9-875AB85CFD7B}.Release|ARM.ActiveCfg = Release|Any CPU
		{021F6CC1-6EF1-4147-A0F9-875AB85CFD7B}.Release|ARM.Build.0 = Release|Any CPU
		{021F6CC1-6EF1-4147-A0F9-875AB85CFD7B}.Release|ARM64.ActiveCfg = Release|Any CPU
		{021F6CC1-6EF1-4147-A0F9-875AB85CFD7B}.Release|ARM64.Build.0 = Release|Any CPU
		{021F6CC1-6EF1-4147-A0F9-875AB85CFD7B}.Release|x64.ActiveCfg = Release|Any CPU
		{021F6CC1-6EF1-4147-A0F9-875AB85CFD7B}.Release|x64.Build.0 = Release|Any CPU
		{021F6CC1-6EF1-4147-A0F9-875AB85CFD7B}.Release|x86.ActiveCfg = Release|Any CPU
		{021F6CC1-6EF1-4147-A0F9-875AB85CFD7B}.Release|x86.Build.0 = Release|Any CPU
		{F9A4E49B-F616-45F6-9F07-100769C29421}.Debug|Any CPU.ActiveCfg = Debug|Any CPU
		{F9A4E49B-F616-45F6-9F07-100769C29421}.Debug|Any CPU.Build.0 = Debug|Any CPU
		{F9A4E49B-F616-45F6-9F07-100769C29421}.Debug|ARM.ActiveCfg = Debug|Any CPU
		{F9A4E49B-F616-45F6-9F07-100769C29421}.Debug|ARM.Build.0 = Debug|Any CPU
		{F9A4E49B-F616-45F6-9F07-100769C29421}.Debug|ARM64.ActiveCfg = Debug|Any CPU
		{F9A4E49B-F616-45F6-9F07-100769C29421}.Debug|ARM64.Build.0 = Debug|Any CPU
		{F9A4E49B-F616-45F6-9F07-100769C29421}.Debug|x64.ActiveCfg = Debug|Any CPU
		{F9A4E49B-F616-45F6-9F07-100769C29421}.Debug|x64.Build.0 = Debug|Any CPU
		{F9A4E49B-F616-45F6-9F07-100769C29421}.Debug|x86.ActiveCfg = Debug|Any CPU
		{F9A4E49B-F616-45F6-9F07-100769C29421}.Debug|x86.Build.0 = Debug|Any CPU
		{F9A4E49B-F616-45F6-9F07-100769C29421}.Release|Any CPU.ActiveCfg = Release|Any CPU
		{F9A4E49B-F616-45F6-9F07-100769C29421}.Release|Any CPU.Build.0 = Release|Any CPU
		{F9A4E49B-F616-45F6-9F07-100769C29421}.Release|ARM.ActiveCfg = Release|Any CPU
		{F9A4E49B-F616-45F6-9F07-100769C29421}.Release|ARM.Build.0 = Release|Any CPU
		{F9A4E49B-F616-45F6-9F07-100769C29421}.Release|ARM64.ActiveCfg = Release|Any CPU
		{F9A4E49B-F616-45F6-9F07-100769C29421}.Release|ARM64.Build.0 = Release|Any CPU
		{F9A4E49B-F616-45F6-9F07-100769C29421}.Release|x64.ActiveCfg = Release|Any CPU
		{F9A4E49B-F616-45F6-9F07-100769C29421}.Release|x64.Build.0 = Release|Any CPU
		{F9A4E49B-F616-45F6-9F07-100769C29421}.Release|x86.ActiveCfg = Release|Any CPU
		{F9A4E49B-F616-45F6-9F07-100769C29421}.Release|x86.Build.0 = Release|Any CPU
		{B63B176F-8777-41BC-84F1-88E9A1576849}.Debug|Any CPU.ActiveCfg = Debug|Any CPU
		{B63B176F-8777-41BC-84F1-88E9A1576849}.Debug|Any CPU.Build.0 = Debug|Any CPU
		{B63B176F-8777-41BC-84F1-88E9A1576849}.Debug|ARM.ActiveCfg = Debug|Any CPU
		{B63B176F-8777-41BC-84F1-88E9A1576849}.Debug|ARM.Build.0 = Debug|Any CPU
		{B63B176F-8777-41BC-84F1-88E9A1576849}.Debug|ARM64.ActiveCfg = Debug|Any CPU
		{B63B176F-8777-41BC-84F1-88E9A1576849}.Debug|ARM64.Build.0 = Debug|Any CPU
		{B63B176F-8777-41BC-84F1-88E9A1576849}.Debug|x64.ActiveCfg = Debug|Any CPU
		{B63B176F-8777-41BC-84F1-88E9A1576849}.Debug|x64.Build.0 = Debug|Any CPU
		{B63B176F-8777-41BC-84F1-88E9A1576849}.Debug|x86.ActiveCfg = Debug|Any CPU
		{B63B176F-8777-41BC-84F1-88E9A1576849}.Debug|x86.Build.0 = Debug|Any CPU
		{B63B176F-8777-41BC-84F1-88E9A1576849}.Release|Any CPU.ActiveCfg = Release|Any CPU
		{B63B176F-8777-41BC-84F1-88E9A1576849}.Release|Any CPU.Build.0 = Release|Any CPU
		{B63B176F-8777-41BC-84F1-88E9A1576849}.Release|ARM.ActiveCfg = Release|Any CPU
		{B63B176F-8777-41BC-84F1-88E9A1576849}.Release|ARM.Build.0 = Release|Any CPU
		{B63B176F-8777-41BC-84F1-88E9A1576849}.Release|ARM64.ActiveCfg = Release|Any CPU
		{B63B176F-8777-41BC-84F1-88E9A1576849}.Release|ARM64.Build.0 = Release|Any CPU
		{B63B176F-8777-41BC-84F1-88E9A1576849}.Release|x64.ActiveCfg = Release|Any CPU
		{B63B176F-8777-41BC-84F1-88E9A1576849}.Release|x64.Build.0 = Release|Any CPU
		{B63B176F-8777-41BC-84F1-88E9A1576849}.Release|x86.ActiveCfg = Release|Any CPU
		{B63B176F-8777-41BC-84F1-88E9A1576849}.Release|x86.Build.0 = Release|Any CPU
		{CD069BCD-3EC0-49D3-BF34-376FBCAF318C}.Debug|Any CPU.ActiveCfg = Debug
		{CD069BCD-3EC0-49D3-BF34-376FBCAF318C}.Debug|ARM.ActiveCfg = Debug
		{CD069BCD-3EC0-49D3-BF34-376FBCAF318C}.Debug|ARM64.ActiveCfg = Debug
		{CD069BCD-3EC0-49D3-BF34-376FBCAF318C}.Debug|x64.ActiveCfg = Debug
		{CD069BCD-3EC0-49D3-BF34-376FBCAF318C}.Debug|x86.ActiveCfg = Debug
		{CD069BCD-3EC0-49D3-BF34-376FBCAF318C}.Release|Any CPU.ActiveCfg = Release
		{CD069BCD-3EC0-49D3-BF34-376FBCAF318C}.Release|ARM.ActiveCfg = Release
		{CD069BCD-3EC0-49D3-BF34-376FBCAF318C}.Release|ARM64.ActiveCfg = Release
		{CD069BCD-3EC0-49D3-BF34-376FBCAF318C}.Release|x64.ActiveCfg = Release
		{CD069BCD-3EC0-49D3-BF34-376FBCAF318C}.Release|x86.ActiveCfg = Release
	EndGlobalSection
	GlobalSection(SolutionProperties) = preSolution
		HideSolutionNode = FALSE
	EndGlobalSection
	GlobalSection(ExtensibilityGlobals) = postSolution
		SolutionGuid = {B4EBFDA2-98D4-4B1A-9499-8DE353534C24}
	EndGlobalSection
EndGlobal
